
Microsoft Visual Studio Solution File, Format Version 12.00
# Visual Studio Version 17
VisualStudioVersion = 17.8.34309.116
MinimumVisualStudioVersion = 10.0.40219.1
Project("{FAE04EC0-301F-11D3-BF4B-00C04F79EFBC}") = "AutoLot.Dal", "AutoLot.Dal\AutoLot.Dal.csproj", "{1A1E959C-46E1-4E15-A6F7-7EC50E1F955D}"
EndProject
Project("{9A19103F-16F7-4668-BE54-9A1E7A4F7556}") = "AutoLot.Models", "AutoLot.Models\AutoLot.Models.csproj", "{D52A9BB5-5475-4703-8FEC-15E9854DAF8D}"
EndProject
Global
	GlobalSection(SolutionConfigurationPlatforms) = preSolution
		Debug|Any CPU = Debug|Any CPU
		Release|Any CPU = Release|Any CPU
	EndGlobalSection
	GlobalSection(ProjectConfigurationPlatforms) = postSolution
		{1A1E959C-46E1-4E15-A6F7-7EC50E1F955D}.Debug|Any CPU.ActiveCfg = Debug|Any CPU
		{1A1E959C-46E1-4E15-A6F7-7EC50E1F955D}.Debug|Any CPU.Build.0 = Debug|Any CPU
		{1A1E959C-46E1-4E15-A6F7-7EC50E1F955D}.Release|Any CPU.ActiveCfg = Release|Any CPU
		{1A1E959C-46E1-4E15-A6F7-7EC50E1F955D}.Release|Any CPU.Build.0 = Release|Any CPU
		{D52A9BB5-5475-4703-8FEC-15E9854DAF8D}.Debug|Any CPU.ActiveCfg = Debug|Any CPU
		{D52A9BB5-5475-4703-8FEC-15E9854DAF8D}.Debug|Any CPU.Build.0 = Debug|Any CPU
		{D52A9BB5-5475-4703-8FEC-15E9854DAF8D}.Release|Any CPU.ActiveCfg = Release|Any CPU
		{D52A9BB5-5475-4703-8FEC-15E9854DAF8D}.Release|Any CPU.Build.0 = Release|Any CPU
	EndGlobalSection
	GlobalSection(SolutionProperties) = preSolution
		HideSolutionNode = FALSE
	EndGlobalSection
	GlobalSection(ExtensibilityGlobals) = postSolution
		SolutionGuid = {F24C445A-D3A8-4D94-A6EC-9561B0FB9731}
	EndGlobalSection
EndGlobal
