
Microsoft Visual Studio Solution File, Format Version 12.00
# Visual Studio Version 17
VisualStudioVersion = 17.8.34309.116
MinimumVisualStudioVersion = 10.0.40219.1
Project("{9A19103F-16F7-4668-BE54-9A1E7A4F7556}") = "AutoLot.Dal", "AutoLot.Dal\AutoLot.Dal.csproj", "{1A1E959C-46E1-4E15-A6F7-7EC50E1F955D}"
EndProject
Project("{9A19103F-16F7-4668-BE54-9A1E7A4F7556}") = "AutoLot.Models", "AutoLot.Models\AutoLot.Models.csproj", "{D52A9BB5-5475-4703-8FEC-15E9854DAF8D}"
EndProject
Project("{9A19103F-16F7-4668-BE54-9A1E7A4F7556}") = "AutoLot.Dal.Tests", "AutoLot.Dal.Tests\AutoLot.Dal.Tests.csproj", "{EEED440C-EEE6-450D-88CE-A45628D19665}"
EndProject
Project("{9A19103F-16F7-4668-BE54-9A1E7A4F7556}") = "AutoLot.Api", "AutoLot.Api\AutoLot.Api.csproj", "{3B9B7437-2E5A-4810-ACE3-CEA9C09D3195}"
EndProject
Project("{9A19103F-16F7-4668-BE54-9A1E7A4F7556}") = "AutoLot.Mvc", "AutoLot.Mvc\AutoLot.Mvc.csproj", "{AA8B0E6E-0CDE-4EB5-9509-FFB8C9C2A439}"
EndProject
Project("{9A19103F-16F7-4668-BE54-9A1E7A4F7556}") = "AutoLot.Services", "AutoLot.Services\AutoLot.Services.csproj", "{121B7FC4-2A79-41EC-969C-A396545D8A95}"
EndProject
Project("{9A19103F-16F7-4668-BE54-9A1E7A4F7556}") = "AutoLot.Web", "AutoLot.Web\AutoLot.Web.csproj", "{B748F98F-7223-4919-B25D-9CA69E78C01C}"
EndProject
Global
	GlobalSection(SolutionConfigurationPlatforms) = preSolution
		Debug|Any CPU = Debug|Any CPU
		Release|Any CPU = Release|Any CPU
	EndGlobalSection
	GlobalSection(ProjectConfigurationPlatforms) = postSolution
		{1A1E959C-46E1-4E15-A6F7-7EC50E1F955D}.Debug|Any CPU.ActiveCfg = Debug|Any CPU
		{1A1E959C-46E1-4E15-A6F7-7EC50E1F955D}.Debug|Any CPU.Build.0 = Debug|Any CPU
		{1A1E959C-46E1-4E15-A6F7-7EC50E1F955D}.Release|Any CPU.ActiveCfg = Release|Any CPU
		{1A1E959C-46E1-4E15-A6F7-7EC50E1F955D}.Release|Any CPU.Build.0 = Release|Any CPU
		{D52A9BB5-5475-4703-8FEC-15E9854DAF8D}.Debug|Any CPU.ActiveCfg = Debug|Any CPU
		{D52A9BB5-5475-4703-8FEC-15E9854DAF8D}.Debug|Any CPU.Build.0 = Debug|Any CPU
		{D52A9BB5-5475-4703-8FEC-15E9854DAF8D}.Release|Any CPU.ActiveCfg = Release|Any CPU
		{D52A9BB5-5475-4703-8FEC-15E9854DAF8D}.Release|Any CPU.Build.0 = Release|Any CPU
		{EEED440C-EEE6-450D-88CE-A45628D19665}.Debug|Any CPU.ActiveCfg = Debug|Any CPU
		{EEED440C-EEE6-450D-88CE-A45628D19665}.Debug|Any CPU.Build.0 = Debug|Any CPU
		{EEED440C-EEE6-450D-88CE-A45628D19665}.Release|Any CPU.ActiveCfg = Release|Any CPU
		{EEED440C-EEE6-450D-88CE-A45628D19665}.Release|Any CPU.Build.0 = Release|Any CPU
		{3B9B7437-2E5A-4810-ACE3-CEA9C09D3195}.Debug|Any CPU.ActiveCfg = Debug|Any CPU
		{3B9B7437-2E5A-4810-ACE3-CEA9C09D3195}.Debug|Any CPU.Build.0 = Debug|Any CPU
		{3B9B7437-2E5A-4810-ACE3-CEA9C09D3195}.Release|Any CPU.ActiveCfg = Release|Any CPU
		{3B9B7437-2E5A-4810-ACE3-CEA9C09D3195}.Release|Any CPU.Build.0 = Release|Any CPU
		{AA8B0E6E-0CDE-4EB5-9509-FFB8C9C2A439}.Debug|Any CPU.ActiveCfg = Debug|Any CPU
		{AA8B0E6E-0CDE-4EB5-9509-FFB8C9C2A439}.Debug|Any CPU.Build.0 = Debug|Any CPU
		{AA8B0E6E-0CDE-4EB5-9509-FFB8C9C2A439}.Release|Any CPU.ActiveCfg = Release|Any CPU
		{AA8B0E6E-0CDE-4EB5-9509-FFB8C9C2A439}.Release|Any CPU.Build.0 = Release|Any CPU
		{121B7FC4-2A79-41EC-969C-A396545D8A95}.Debug|Any CPU.ActiveCfg = Debug|Any CPU
		{121B7FC4-2A79-41EC-969C-A396545D8A95}.Debug|Any CPU.Build.0 = Debug|Any CPU
		{121B7FC4-2A79-41EC-969C-A396545D8A95}.Release|Any CPU.ActiveCfg = Release|Any CPU
		{121B7FC4-2A79-41EC-969C-A396545D8A95}.Release|Any CPU.Build.0 = Release|Any CPU
		{B748F98F-7223-4919-B25D-9CA69E78C01C}.Debug|Any CPU.ActiveCfg = Debug|Any CPU
		{B748F98F-7223-4919-B25D-9CA69E78C01C}.Debug|Any CPU.Build.0 = Debug|Any CPU
		{B748F98F-7223-4919-B25D-9CA69E78C01C}.Release|Any CPU.ActiveCfg = Release|Any CPU
		{B748F98F-7223-4919-B25D-9CA69E78C01C}.Release|Any CPU.Build.0 = Release|Any CPU
	EndGlobalSection
	GlobalSection(SolutionProperties) = preSolution
		HideSolutionNode = FALSE
	EndGlobalSection
	GlobalSection(ExtensibilityGlobals) = postSolution
		SolutionGuid = {F24C445A-D3A8-4D94-A6EC-9561B0FB9731}
	EndGlobalSection
EndGlobal
